
Microsoft Visual Studio Solution File, Format Version 12.00
# Visual Studio Version 16
VisualStudioVersion = 16.0.30711.63
MinimumVisualStudioVersion = 10.0.40219.1
Project("{FAE04EC0-301F-11D3-BF4B-00C04F79EFBC}") = "SampleApp.Android", "SampleApp.Android\SampleApp.Android.csproj", "{2D38926E-0D8C-41F9-AA3E-8942CB0CC880}"
EndProject
Project("{FAE04EC0-301F-11D3-BF4B-00C04F79EFBC}") = "SampleApp.iOS", "SampleApp.iOS\SampleApp.iOS.csproj", "{1CA1259F-8298-4D59-9C54-7CFD3DC9CE4F}"
EndProject
Project("{9A19103F-16F7-4668-BE54-9A1E7A4F7556}") = "SampleApp", "SampleApp\SampleApp.csproj", "{0FC95A01-9A8F-4A0F-B70D-EE4BC74303EB}"
EndProject
Project("{9A19103F-16F7-4668-BE54-9A1E7A4F7556}") = "TimeSpanPicker.Forms", "..\TimeSpanPicker.Forms\TimeSpanPicker.Forms\TimeSpanPicker.Forms.csproj", "{79A547B6-D700-4F21-B34A-1775AC0C1AA6}"
EndProject
Project("{FAE04EC0-301F-11D3-BF4B-00C04F79EFBC}") = "TimeSpanPicker.Android", "..\TimeSpanPicker.Forms\TimeSpanPicker.Android\TimeSpanPicker.Android.csproj", "{BB2E4431-B1C9-4EC1-A610-9ED63AE4CAEB}"
EndProject
Project("{FAE04EC0-301F-11D3-BF4B-00C04F79EFBC}") = "TimeSpanPicker.iOS", "..\TimeSpanPicker.Forms\TimeSpanPicker.iOS\TimeSpanPicker.iOS.csproj", "{9A8F4ADE-F9E5-447D-B2E4-47B3AC10596D}"
EndProject
Global
	GlobalSection(SolutionConfigurationPlatforms) = preSolution
		Debug|Any CPU = Debug|Any CPU
		Debug|iPhone = Debug|iPhone
		Debug|iPhoneSimulator = Debug|iPhoneSimulator
		Release|Any CPU = Release|Any CPU
		Release|iPhone = Release|iPhone
		Release|iPhoneSimulator = Release|iPhoneSimulator
	EndGlobalSection
	GlobalSection(ProjectConfigurationPlatforms) = postSolution
		{2D38926E-0D8C-41F9-AA3E-8942CB0CC880}.Debug|Any CPU.ActiveCfg = Debug|Any CPU
		{2D38926E-0D8C-41F9-AA3E-8942CB0CC880}.Debug|Any CPU.Build.0 = Debug|Any CPU
		{2D38926E-0D8C-41F9-AA3E-8942CB0CC880}.Debug|Any CPU.Deploy.0 = Debug|Any CPU
		{2D38926E-0D8C-41F9-AA3E-8942CB0CC880}.Debug|iPhone.ActiveCfg = Debug|Any CPU
		{2D38926E-0D8C-41F9-AA3E-8942CB0CC880}.Debug|iPhone.Build.0 = Debug|Any CPU
		{2D38926E-0D8C-41F9-AA3E-8942CB0CC880}.Debug|iPhone.Deploy.0 = Debug|Any CPU
		{2D38926E-0D8C-41F9-AA3E-8942CB0CC880}.Debug|iPhoneSimulator.ActiveCfg = Debug|Any CPU
		{2D38926E-0D8C-41F9-AA3E-8942CB0CC880}.Release|Any CPU.ActiveCfg = Release|Any CPU
		{2D38926E-0D8C-41F9-AA3E-8942CB0CC880}.Release|Any CPU.Build.0 = Release|Any CPU
		{2D38926E-0D8C-41F9-AA3E-8942CB0CC880}.Release|Any CPU.Deploy.0 = Release|Any CPU
		{2D38926E-0D8C-41F9-AA3E-8942CB0CC880}.Release|iPhone.ActiveCfg = Release|Any CPU
		{2D38926E-0D8C-41F9-AA3E-8942CB0CC880}.Release|iPhone.Build.0 = Release|Any CPU
		{2D38926E-0D8C-41F9-AA3E-8942CB0CC880}.Release|iPhone.Deploy.0 = Release|Any CPU
		{2D38926E-0D8C-41F9-AA3E-8942CB0CC880}.Release|iPhoneSimulator.ActiveCfg = Release|Any CPU
		{2D38926E-0D8C-41F9-AA3E-8942CB0CC880}.Release|iPhoneSimulator.Build.0 = Release|Any CPU
		{2D38926E-0D8C-41F9-AA3E-8942CB0CC880}.Release|iPhoneSimulator.Deploy.0 = Release|Any CPU
		{1CA1259F-8298-4D59-9C54-7CFD3DC9CE4F}.Debug|Any CPU.ActiveCfg = Debug|iPhone
		{1CA1259F-8298-4D59-9C54-7CFD3DC9CE4F}.Debug|Any CPU.Build.0 = Debug|iPhone
		{1CA1259F-8298-4D59-9C54-7CFD3DC9CE4F}.Debug|Any CPU.Deploy.0 = Debug|iPhone
		{1CA1259F-8298-4D59-9C54-7CFD3DC9CE4F}.Debug|iPhone.ActiveCfg = Debug|iPhone
		{1CA1259F-8298-4D59-9C54-7CFD3DC9CE4F}.Debug|iPhone.Build.0 = Debug|iPhone
		{1CA1259F-8298-4D59-9C54-7CFD3DC9CE4F}.Debug|iPhone.Deploy.0 = Debug|iPhone
		{1CA1259F-8298-4D59-9C54-7CFD3DC9CE4F}.Debug|iPhoneSimulator.ActiveCfg = Debug|iPhoneSimulator
		{1CA1259F-8298-4D59-9C54-7CFD3DC9CE4F}.Debug|iPhoneSimulator.Build.0 = Debug|iPhoneSimulator
		{1CA1259F-8298-4D59-9C54-7CFD3DC9CE4F}.Debug|iPhoneSimulator.Deploy.0 = Debug|iPhoneSimulator
		{1CA1259F-8298-4D59-9C54-7CFD3DC9CE4F}.Release|Any CPU.ActiveCfg = Release|iPhoneSimulator
		{1CA1259F-8298-4D59-9C54-7CFD3DC9CE4F}.Release|Any CPU.Build.0 = Release|iPhoneSimulator
		{1CA1259F-8298-4D59-9C54-7CFD3DC9CE4F}.Release|Any CPU.Deploy.0 = Release|iPhoneSimulator
		{1CA1259F-8298-4D59-9C54-7CFD3DC9CE4F}.Release|iPhone.ActiveCfg = Release|iPhone
		{1CA1259F-8298-4D59-9C54-7CFD3DC9CE4F}.Release|iPhone.Build.0 = Release|iPhone
		{1CA1259F-8298-4D59-9C54-7CFD3DC9CE4F}.Release|iPhone.Deploy.0 = Release|iPhone
		{1CA1259F-8298-4D59-9C54-7CFD3DC9CE4F}.Release|iPhoneSimulator.ActiveCfg = Release|iPhoneSimulator
		{1CA1259F-8298-4D59-9C54-7CFD3DC9CE4F}.Release|iPhoneSimulator.Build.0 = Release|iPhoneSimulator
		{1CA1259F-8298-4D59-9C54-7CFD3DC9CE4F}.Release|iPhoneSimulator.Deploy.0 = Release|iPhoneSimulator
		{0FC95A01-9A8F-4A0F-B70D-EE4BC74303EB}.Debug|Any CPU.ActiveCfg = Debug|Any CPU
		{0FC95A01-9A8F-4A0F-B70D-EE4BC74303EB}.Debug|Any CPU.Build.0 = Debug|Any CPU
		{0FC95A01-9A8F-4A0F-B70D-EE4BC74303EB}.Debug|Any CPU.Deploy.0 = Debug|Any CPU
		{0FC95A01-9A8F-4A0F-B70D-EE4BC74303EB}.Debug|iPhone.ActiveCfg = Debug|Any CPU
		{0FC95A01-9A8F-4A0F-B70D-EE4BC74303EB}.Debug|iPhone.Build.0 = Debug|Any CPU
		{0FC95A01-9A8F-4A0F-B70D-EE4BC74303EB}.Debug|iPhone.Deploy.0 = Debug|Any CPU
		{0FC95A01-9A8F-4A0F-B70D-EE4BC74303EB}.Debug|iPhoneSimulator.ActiveCfg = Debug|Any CPU
		{0FC95A01-9A8F-4A0F-B70D-EE4BC74303EB}.Debug|iPhoneSimulator.Build.0 = Debug|Any CPU
		{0FC95A01-9A8F-4A0F-B70D-EE4BC74303EB}.Debug|iPhoneSimulator.Deploy.0 = Debug|Any CPU
		{0FC95A01-9A8F-4A0F-B70D-EE4BC74303EB}.Release|Any CPU.ActiveCfg = Release|Any CPU
		{0FC95A01-9A8F-4A0F-B70D-EE4BC74303EB}.Release|Any CPU.Build.0 = Release|Any CPU
		{0FC95A01-9A8F-4A0F-B70D-EE4BC74303EB}.Release|Any CPU.Deploy.0 = Release|Any CPU
		{0FC95A01-9A8F-4A0F-B70D-EE4BC74303EB}.Release|iPhone.ActiveCfg = Release|Any CPU
		{0FC95A01-9A8F-4A0F-B70D-EE4BC74303EB}.Release|iPhone.Build.0 = Release|Any CPU
		{0FC95A01-9A8F-4A0F-B70D-EE4BC74303EB}.Release|iPhone.Deploy.0 = Release|Any CPU
		{0FC95A01-9A8F-4A0F-B70D-EE4BC74303EB}.Release|iPhoneSimulator.ActiveCfg = Release|Any CPU
		{0FC95A01-9A8F-4A0F-B70D-EE4BC74303EB}.Release|iPhoneSimulator.Build.0 = Release|Any CPU
		{0FC95A01-9A8F-4A0F-B70D-EE4BC74303EB}.Release|iPhoneSimulator.Deploy.0 = Release|Any CPU
		{79A547B6-D700-4F21-B34A-1775AC0C1AA6}.Debug|Any CPU.ActiveCfg = Debug|Any CPU
		{79A547B6-D700-4F21-B34A-1775AC0C1AA6}.Debug|Any CPU.Build.0 = Debug|Any CPU
		{79A547B6-D700-4F21-B34A-1775AC0C1AA6}.Debug|iPhone.ActiveCfg = Debug|Any CPU
		{79A547B6-D700-4F21-B34A-1775AC0C1AA6}.Debug|iPhone.Build.0 = Debug|Any CPU
		{79A547B6-D700-4F21-B34A-1775AC0C1AA6}.Debug|iPhoneSimulator.ActiveCfg = Debug|Any CPU
		{79A547B6-D700-4F21-B34A-1775AC0C1AA6}.Debug|iPhoneSimulator.Build.0 = Debug|Any CPU
		{79A547B6-D700-4F21-B34A-1775AC0C1AA6}.Release|Any CPU.ActiveCfg = Release|Any CPU
		{79A547B6-D700-4F21-B34A-1775AC0C1AA6}.Release|Any CPU.Build.0 = Release|Any CPU
		{79A547B6-D700-4F21-B34A-1775AC0C1AA6}.Release|iPhone.ActiveCfg = Release|Any CPU
		{79A547B6-D700-4F21-B34A-1775AC0C1AA6}.Release|iPhone.Build.0 = Release|Any CPU
		{79A547B6-D700-4F21-B34A-1775AC0C1AA6}.Release|iPhoneSimulator.ActiveCfg = Release|Any CPU
		{79A547B6-D700-4F21-B34A-1775AC0C1AA6}.Release|iPhoneSimulator.Build.0 = Release|Any CPU
		{BB2E4431-B1C9-4EC1-A610-9ED63AE4CAEB}.Debug|Any CPU.ActiveCfg = Debug|Any CPU
		{BB2E4431-B1C9-4EC1-A610-9ED63AE4CAEB}.Debug|Any CPU.Build.0 = Debug|Any CPU
		{BB2E4431-B1C9-4EC1-A610-9ED63AE4CAEB}.Debug|iPhone.ActiveCfg = Debug|Any CPU
		{BB2E4431-B1C9-4EC1-A610-9ED63AE4CAEB}.Debug|iPhone.Build.0 = Debug|Any CPU
		{BB2E4431-B1C9-4EC1-A610-9ED63AE4CAEB}.Debug|iPhoneSimulator.ActiveCfg = Debug|Any CPU
		{BB2E4431-B1C9-4EC1-A610-9ED63AE4CAEB}.Release|Any CPU.ActiveCfg = Release|Any CPU
		{BB2E4431-B1C9-4EC1-A610-9ED63AE4CAEB}.Release|Any CPU.Build.0 = Release|Any CPU
		{BB2E4431-B1C9-4EC1-A610-9ED63AE4CAEB}.Release|iPhone.ActiveCfg = Release|Any CPU
		{BB2E4431-B1C9-4EC1-A610-9ED63AE4CAEB}.Release|iPhone.Build.0 = Release|Any CPU
		{BB2E4431-B1C9-4EC1-A610-9ED63AE4CAEB}.Release|iPhoneSimulator.ActiveCfg = Release|Any CPU
		{BB2E4431-B1C9-4EC1-A610-9ED63AE4CAEB}.Release|iPhoneSimulator.Build.0 = Release|Any CPU
		{9A8F4ADE-F9E5-447D-B2E4-47B3AC10596D}.Debug|Any CPU.ActiveCfg = Debug|Any CPU
		{9A8F4ADE-F9E5-447D-B2E4-47B3AC10596D}.Debug|Any CPU.Build.0 = Debug|Any CPU
		{9A8F4ADE-F9E5-447D-B2E4-47B3AC10596D}.Debug|iPhone.ActiveCfg = Debug|Any CPU
		{9A8F4ADE-F9E5-447D-B2E4-47B3AC10596D}.Debug|iPhone.Build.0 = Debug|Any CPU
		{9A8F4ADE-F9E5-447D-B2E4-47B3AC10596D}.Debug|iPhoneSimulator.ActiveCfg = Debug|Any CPU
		{9A8F4ADE-F9E5-447D-B2E4-47B3AC10596D}.Debug|iPhoneSimulator.Build.0 = Debug|Any CPU
		{9A8F4ADE-F9E5-447D-B2E4-47B3AC10596D}.Release|Any CPU.ActiveCfg = Release|Any CPU
		{9A8F4ADE-F9E5-447D-B2E4-47B3AC10596D}.Release|Any CPU.Build.0 = Release|Any CPU
		{9A8F4ADE-F9E5-447D-B2E4-47B3AC10596D}.Release|iPhone.ActiveCfg = Release|Any CPU
		{9A8F4ADE-F9E5-447D-B2E4-47B3AC10596D}.Release|iPhone.Build.0 = Release|Any CPU
		{9A8F4ADE-F9E5-447D-B2E4-47B3AC10596D}.Release|iPhoneSimulator.ActiveCfg = Release|Any CPU
		{9A8F4ADE-F9E5-447D-B2E4-47B3AC10596D}.Release|iPhoneSimulator.Build.0 = Release|Any CPU
	EndGlobalSection
	GlobalSection(SolutionProperties) = preSolution
		HideSolutionNode = FALSE
	EndGlobalSection
	GlobalSection(ExtensibilityGlobals) = postSolution
		SolutionGuid = {FF3112F0-E59D-4A6D-901B-A981575E280D}
	EndGlobalSection
EndGlobal
